<?xml version="1.0" encoding="utf-8"?>
<Project ToolsVersion="4.0" xmlns="http://schemas.microsoft.com/developer/msbuild/2003">
  <ItemGroup>
    <Filter Include="Source Files">
      <UniqueIdentifier>{4FC737F1-C7A5-4376-A066-2A32D752A2FF}</UniqueIdentifier>
      <Extensions>cpp;c;cc;cxx;def;odl;idl;hpj;bat;asm;asmx</Extensions>
    </Filter>
    <Filter Include="Header Files">
      <UniqueIdentifier>{93995380-89BD-4b04-88EB-625FBE52EBFB}</UniqueIdentifier>
      <Extensions>h;hh;hpp;hxx;hm;inl;inc;ipp;xsd</Extensions>
    </Filter>
    <Filter Include="Resource Files">
      <UniqueIdentifier>{67DA6AB6-F800-4c08-8B7A-83BB121AAD01}</UniqueIdentifier>
      <Extensions>rc;ico;cur;bmp;dlg;rc2;rct;bin;rgs;gif;jpg;jpeg;jpe;resx;tiff;tif;png;wav;mfcribbon-ms</Extensions>
    </Filter>
  </ItemGroup>
  <ItemGroup>
    <ClCompile Include="Test Files\Tests.cpp">
      <Filter>Source Files</Filter>
    </ClCompile>
    <ClCompile Include="Test Files\Hand Tests\HandCalculatorTest.cpp">
      <Filter>Source Files</Filter>
    </ClCompile>
    <ClCompile Include="Test Files\Card Tests\CardTest.cpp">
      <Filter>Source Files</Filter>
    </ClCompile>
    <ClCompile Include="Hand\HandValueCalculator.cpp">
      <Filter>Source Files</Filter>
    </ClCompile>
    <ClCompile Include="Hand\Hand.cpp">
      <Filter>Source Files</Filter>
    </ClCompile>
    <ClCompile Include="Gambler\Gambler.cpp">
      <Filter>Source Files</Filter>
    </ClCompile>
    <ClCompile Include="CasinoDealer\CasinoDealer.cpp">
      <Filter>Source Files</Filter>
    </ClCompile>
    <ClCompile Include="Card\Card.cpp">
      <Filter>Source Files</Filter>
    </ClCompile>
    <ClCompile Include="Card\Deck.cpp">
      <Filter>Source Files</Filter>
    </ClCompile>
    <ClCompile Include="Action\Action.cpp">
      <Filter>Source Files</Filter>
    </ClCompile>
    <ClCompile Include="Test Files\Hand Tests\HandClassTest.cpp">
      <Filter>Source Files</Filter>
    </ClCompile>
    <ClCompile Include="Test Files\Action Tests\DoubleActionTest.cpp">
      <Filter>Source Files</Filter>
    </ClCompile>
  </ItemGroup>
  <ItemGroup>
    <ClInclude Include="Player\Player.h">
      <Filter>Header Files</Filter>
    </ClInclude>
    <ClInclude Include="Hand\HandValueCalculator.h">
      <Filter>Header Files</Filter>
    </ClInclude>
    <ClInclude Include="Hand\Hand.h">
      <Filter>Header Files</Filter>
    </ClInclude>
    <ClInclude Include="Gambler\Gambler.h">
      <Filter>Header Files</Filter>
    </ClInclude>
    <ClInclude Include="CasinoDealer\CasinoDealer.h">
      <Filter>Header Files</Filter>
    </ClInclude>
    <ClInclude Include="Card\Deck.h">
      <Filter>Header Files</Filter>
    </ClInclude>
    <ClInclude Include="Card\Card.h">
      <Filter>Header Files</Filter>
    </ClInclude>
    <ClInclude Include="Action\Action.h">
      <Filter>Header Files</Filter>
    </ClInclude>
    <ClInclude Include="Action\Stand\StandAction.h">
      <Filter>Header Files</Filter>
    </ClInclude>
    <ClInclude Include="Action\Split\SplitAction.h">
      <Filter>Header Files</Filter>
    </ClInclude>
    <ClInclude Include="Action\Hit\HitAction.h">
      <Filter>Header Files</Filter>
    </ClInclude>
    <ClInclude Include="Action\Double\DoubleAction.h">
      <Filter>Header Files</Filter>
    </ClInclude>
  </ItemGroup>
</Project>